{
    "_readme": [
        "This file locks the dependencies of your project to a known state",
        "Read more about it at http://getcomposer.org/doc/01-basic-usage.md#composer-lock-the-lock-file"
    ],
    "hash": "f1174c8c6295b8357ad75f9e647b6c8e",
    "packages": [
        {
            "name": "chh/shellwords",
            "version": "v0.1.0",
            "source": {
                "type": "git",
                "url": "https://github.com/CHH/shellwords.git",
                "reference": "8cd0e82d36ca71ae6f43466412c611249f71288c"
            },
            "dist": {
                "type": "zip",
                "url": "https://api.github.com/repos/CHH/shellwords/zipball/8cd0e82d36ca71ae6f43466412c611249f71288c",
                "reference": "8cd0e82d36ca71ae6f43466412c611249f71288c",
                "shasum": ""
            },
            "require": {
                "php": ">=5.3.3"
            },
            "type": "library",
            "autoload": {
                "psr-0": {
                    "CHH": "lib/"
                }
            },
            "notification-url": "https://packagist.org/downloads/",
            "license": [
                "MIT"
            ],
            "description": "Lame port of Ruby's Shellwords.rb",
            "time": "2012-12-28 15:47:39"
        },
        {
            "name": "leafo/scssphp",
            "version": "dev-master",
            "source": {
                "type": "git",
                "url": "https://github.com/leafo/scssphp.git",
                "reference": "68cc775fa4f0c6c8396bc9a36831ede199c682f2"
            },
            "dist": {
                "type": "zip",
                "url": "https://api.github.com/repos/leafo/scssphp/zipball/68cc775fa4f0c6c8396bc9a36831ede199c682f2",
                "reference": "68cc775fa4f0c6c8396bc9a36831ede199c682f2",
                "shasum": ""
            },
            "require": {
                "php": ">=5.2.0"
            },
            "require-dev": {
                "php": ">=5.3.0",
                "phpunit/phpunit": "3.7.*"
            },
            "bin": [
                "pscss"
            ],
            "type": "library",
            "autoload": {
                "classmap": [
                    "scss.inc.php"
                ]
            },
            "notification-url": "https://packagist.org/downloads/",
            "license": [
                "MIT",
                "GPL-3.0"
            ],
            "authors": [
                {
                    "name": "Leaf Corcoran",
                    "email": "leafot@gmail.com",
                    "homepage": "http://leafo.net"
                }
            ],
            "description": "scssphp is a compiler for SCSS written in PHP.",
            "homepage": "http://leafo.net/scssphp/",
            "time": "2013-09-09 02:38:17"
        },
        {
            "name": "leafo/scssphp-compass",
            "version": "dev-master",
            "source": {
                "type": "git",
                "url": "https://github.com/leafo/scssphp-compass.git",
                "reference": "f1631ddb17731326863954d99b39694f0bbed6ec"
            },
            "dist": {
                "type": "zip",
                "url": "https://api.github.com/repos/leafo/scssphp-compass/zipball/f1631ddb17731326863954d99b39694f0bbed6ec",
                "reference": "f1631ddb17731326863954d99b39694f0bbed6ec",
                "shasum": ""
            },
            "require": {
                "leafo/scssphp": "dev-master"
            },
            "type": "library",
            "autoload": {
                "classmap": [
                    "compass.inc.php"
                ]
            },
            "notification-url": "https://packagist.org/downloads/",
            "authors": [
                {
                    "name": "Leaf Corcoran",
                    "email": "leafot@gmail.com",
                    "homepage": "http://leafo.net"
                }
            ],
            "description": "Compass for scssphp",
            "homepage": "http://leafo.net/scssphp/",
            "time": "2012-08-02 02:04:32"
        }
    ],
    "packages-dev": [
        {
            "name": "oodle/krumo",
            "version": "v0.2.3",
            "source": {
                "type": "git",
                "url": "https://github.com/oodle/krumo.git",
                "reference": "29fd75f37c159c3691cdf2a7c09a59bccb3b533e"
            },
            "dist": {
                "type": "zip",
                "url": "https://api.github.com/repos/oodle/krumo/zipball/29fd75f37c159c3691cdf2a7c09a59bccb3b533e",
                "reference": "29fd75f37c159c3691cdf2a7c09a59bccb3b533e",
                "shasum": ""
            },
            "require": {
                "php": ">=5.2.17"
            },
            "type": "library",
            "autoload": {
                "files": [
                    "class.krumo.php"
                ]
            },
            "notification-url": "https://packagist.org/downloads/",
            "license": [
                "LGPL"
            ],
            "authors": [
                {
                    "name": "Kaloyan K. Tsvetkov",
                    "email": "kaloyan@kaloyan.info"
                },
                {
                    "name": "Matthew J. Mucklo",
                    "email": "mmucklo@corp.oodle.com"
                },
                {
                    "name": "Stefan Thomas",
                    "email": "moon@justmoon.de"
                }
            ],
            "description": "KRUMO - version 2.0 of print_r(); and var_dump(); (with new updates)",
            "keywords": [
                "debug",
                "debugging",
                "krumo",
                "pretty",
                "print",
                "print_r",
                "var_dump"
            ],
            "time": "2013-06-28 22:47:04"
        }
    ],
    "aliases": [

    ],
    "minimum-stability": "stable",
    "stability-flags": {
        "leafo/scssphp": 20,
        "leafo/scssphp-compass": 20
    },
    "platform": [

    ],
    "platform-dev": [

    ]
}
